<?xml version="1.0" encoding="utf-8"?>
<Project ToolsVersion="4.0" xmlns="http://schemas.microsoft.com/developer/msbuild/2003">
  <ItemGroup>
    <Filter Include="lhframe_buffer">
      <UniqueIdentifier>{63b22de2-868f-4e4f-a0f2-c8ce80dd908e}</UniqueIdentifier>
    </Filter>
    <Filter Include="lhcamera">
      <UniqueIdentifier>{0d98a869-3a6b-45cb-ba1b-d72ef374b0c3}</UniqueIdentifier>
    </Filter>
    <Filter Include="lhlights">
      <UniqueIdentifier>{0151a9bd-b910-4392-bccb-6299e3026364}</UniqueIdentifier>
    </Filter>
    <Filter Include="lhrasterization">
      <UniqueIdentifier>{3e1e83db-0b0e-4a64-8a68-a29a24d56259}</UniqueIdentifier>
    </Filter>
    <Filter Include="lhmath">
      <UniqueIdentifier>{ea4d6f8d-bdd7-41e3-93d7-64b5ea710924}</UniqueIdentifier>
    </Filter>
    <Filter Include="lhmath\lhdetail">
      <UniqueIdentifier>{1ddf74dc-ef55-408a-9a39-f47915d07203}</UniqueIdentifier>
    </Filter>
    <Filter Include="lhmath\lhdetail\lhvertex">
      <UniqueIdentifier>{5fbbcf92-4440-4c04-bebc-ba88789b7f9f}</UniqueIdentifier>
    </Filter>
    <Filter Include="lhmath\lhdetail\lhmatrix">
      <UniqueIdentifier>{f7fdbeb9-e916-4a67-b076-1f015cb14375}</UniqueIdentifier>
    </Filter>
  </ItemGroup>
  <ItemGroup>
    <ClCompile Include="lhframe_buffer\lhframe_buffer.cpp">
      <Filter>lhframe_buffer</Filter>
    </ClCompile>
    <ClCompile Include="lhdevice.cpp" />
    <ClCompile Include="lhpipeline.cpp" />
    <ClCompile Include="lhcamera\lhcamera.cpp">
      <Filter>lhcamera</Filter>
    </ClCompile>
    <ClCompile Include="lights\lhlights.cpp">
      <Filter>lhlights</Filter>
    </ClCompile>
    <ClCompile Include="lhrasterization\lhclip.cpp">
      <Filter>lhrasterization</Filter>
    </ClCompile>
    <ClCompile Include="lhrasterization\lhdraw_primitive.cpp">
      <Filter>lhrasterization</Filter>
    </ClCompile>
    <ClCompile Include="lhmath\lhdetail\lhmatrix_float4.cpp">
      <Filter>lhmath\lhdetail</Filter>
    </ClCompile>
    <ClCompile Include="lhmath\lhdetail\lhvertex.cpp">
      <Filter>lhmath\lhdetail</Filter>
    </ClCompile>
    <ClCompile Include="lights\lhmaterial.cpp">
      <Filter>lhlights</Filter>
    </ClCompile>
    <ClCompile Include="lhtimer.cpp" />
    <ClCompile Include="lhmath\lhdetail\lhquaternion.cpp">
      <Filter>lhmath\lhdetail</Filter>
    </ClCompile>
    <ClCompile Include="lhrasterization\lhlinesegment.cpp">
      <Filter>lhrasterization</Filter>
    </ClCompile>
  </ItemGroup>
  <ItemGroup>
    <ClInclude Include="lhframe_buffer\lhframe_buffer.h">
      <Filter>lhframe_buffer</Filter>
    </ClInclude>
    <ClInclude Include="lhdevice.h" />
    <ClInclude Include="lhpipeline.h" />
    <ClInclude Include="lhcamera\lhcamera.h">
      <Filter>lhcamera</Filter>
    </ClInclude>
    <ClInclude Include="lights\lhlights.h">
      <Filter>lhlights</Filter>
    </ClInclude>
    <ClInclude Include="lhrasterization\lhclip.h">
      <Filter>lhrasterization</Filter>
    </ClInclude>
    <ClInclude Include="lhrasterization\lhdraw_primitive.h">
      <Filter>lhrasterization</Filter>
    </ClInclude>
    <ClInclude Include="lhrasterization\lhtools.hpp">
      <Filter>lhrasterization</Filter>
    </ClInclude>
    <ClInclude Include="lhmath\lhmath_common.h">
      <Filter>lhmath</Filter>
    </ClInclude>
    <ClInclude Include="lhmath\lhdetail\lhmatrix.h">
      <Filter>lhmath\lhdetail</Filter>
    </ClInclude>
    <ClInclude Include="lhmath\lhdetail\lhmatrix_float4.h">
      <Filter>lhmath\lhdetail</Filter>
    </ClInclude>
    <ClInclude Include="lhmath\lhdetail\lhvertex.h">
      <Filter>lhmath\lhdetail</Filter>
    </ClInclude>
    <ClInclude Include="lhmath\lhdetail\lhvertex\lhvertex.hpp">
      <Filter>lhmath\lhdetail\lhvertex</Filter>
    </ClInclude>
    <ClInclude Include="lhmath\lhdetail\lhvertex\lhvertex_binary.hpp">
      <Filter>lhmath\lhdetail\lhvertex</Filter>
    </ClInclude>
    <ClInclude Include="lhmath\lhdetail\lhvertex\lhvertex_specialization.hpp">
      <Filter>lhmath\lhdetail\lhvertex</Filter>
    </ClInclude>
    <ClInclude Include="lhmath\lhdetail\lhmatrix\lhmatrix.hpp">
      <Filter>lhmath\lhdetail\lhmatrix</Filter>
    </ClInclude>
    <ClInclude Include="lhmath\lhdetail\lhmatrix\lhmatrix_operator.hpp">
      <Filter>lhmath\lhdetail\lhmatrix</Filter>
    </ClInclude>
    <ClInclude Include="lights\lhmaterial.h">
      <Filter>lhlights</Filter>
    </ClInclude>
    <ClInclude Include="lhtimer.h" />
    <ClInclude Include="lhmath\lhdetail\lhquaternion.h">
      <Filter>lhmath\lhdetail</Filter>
    </ClInclude>
    <ClInclude Include="lhrasterization\lhlinesegment.h">
      <Filter>lhrasterization</Filter>
    </ClInclude>
  </ItemGroup>
  <ItemGroup>
    <None Include="lhrasterization\lhtools.inl">
      <Filter>lhrasterization</Filter>
    </None>
    <None Include="lhmath\lhdetail\lhvertex\lhvertex.inl">
      <Filter>lhmath\lhdetail\lhvertex</Filter>
    </None>
    <None Include="lhmath\lhdetail\lhmatrix\lhmatrix.inl">
      <Filter>lhmath\lhdetail\lhmatrix</Filter>
    </None>
  </ItemGroup>
</Project>