<?xml version="1.0" encoding="utf-8"?>
<Project ToolsVersion="4.0" xmlns="http://schemas.microsoft.com/developer/msbuild/2003">
  <ItemGroup>
    <Filter Include="源文件">
      <UniqueIdentifier>{4FC737F1-C7A5-4376-A066-2A32D752A2FF}</UniqueIdentifier>
      <Extensions>cpp;c;cc;cxx;def;odl;idl;hpj;bat;asm;asmx</Extensions>
    </Filter>
    <Filter Include="头文件">
      <UniqueIdentifier>{93995380-89BD-4b04-88EB-625FBE52EBFB}</UniqueIdentifier>
      <Extensions>h;hh;hpp;hxx;hm;inl;inc;ipp;xsd</Extensions>
    </Filter>
    <Filter Include="资源文件">
      <UniqueIdentifier>{67DA6AB6-F800-4c08-8B7A-83BB121AAD01}</UniqueIdentifier>
      <Extensions>rc;ico;cur;bmp;dlg;rc2;rct;bin;rgs;gif;jpg;jpeg;jpe;resx;tiff;tif;png;wav;mfcribbon-ms</Extensions>
    </Filter>
    <Filter Include="lhdetail">
      <UniqueIdentifier>{057d77cc-4a47-4e90-8dc0-e9286108d10a}</UniqueIdentifier>
    </Filter>
    <Filter Include="lhdetail\lhvertex">
      <UniqueIdentifier>{5307e95c-ce78-439b-a028-6893872cc0a5}</UniqueIdentifier>
    </Filter>
    <Filter Include="lhdetail\lhmatrix">
      <UniqueIdentifier>{4cece7a3-5d95-484f-93a3-c208feccccd3}</UniqueIdentifier>
    </Filter>
  </ItemGroup>
  <ItemGroup>
    <ClInclude Include="lhmath_common.h">
      <Filter>头文件</Filter>
    </ClInclude>
    <ClInclude Include="lhdetail\lhvertex.h">
      <Filter>lhdetail</Filter>
    </ClInclude>
    <ClInclude Include="lhdetail\lhvertex\lhvertex.hpp">
      <Filter>lhdetail\lhvertex</Filter>
    </ClInclude>
    <ClInclude Include="lhdetail\lhvertex\lhvertex_binary.hpp">
      <Filter>lhdetail\lhvertex</Filter>
    </ClInclude>
    <ClInclude Include="lhdetail\lhvertex\lhvertex_specialization.hpp">
      <Filter>lhdetail\lhvertex</Filter>
    </ClInclude>
    <ClInclude Include="lhdetail\lhmatrix.h">
      <Filter>lhdetail</Filter>
    </ClInclude>
    <ClInclude Include="lhdetail\lhmatrix\lhmatrix.hpp">
      <Filter>lhdetail\lhmatrix</Filter>
    </ClInclude>
    <ClInclude Include="lhdetail\lhmatrix\lhmatrix_operator.hpp">
      <Filter>lhdetail\lhmatrix</Filter>
    </ClInclude>
    <ClInclude Include="lhdetail\lhmatrix_float4.h">
      <Filter>lhdetail</Filter>
    </ClInclude>
    <ClInclude Include="lhdetail\lhquaternion.h">
      <Filter>lhdetail</Filter>
    </ClInclude>
  </ItemGroup>
  <ItemGroup>
    <ClCompile Include="lhvertex.cpp">
      <Filter>源文件</Filter>
    </ClCompile>
    <ClCompile Include="lhdetail\lhmatrix_float4.cpp">
      <Filter>lhdetail</Filter>
    </ClCompile>
    <ClCompile Include="lhdetail\lhquaternion.cpp">
      <Filter>lhdetail</Filter>
    </ClCompile>
  </ItemGroup>
  <ItemGroup>
    <None Include="lhdetail\lhvertex\lhvertex.inl">
      <Filter>lhdetail\lhvertex</Filter>
    </None>
    <None Include="lhdetail\lhmatrix\lhmatrix.inl">
      <Filter>lhdetail\lhmatrix</Filter>
    </None>
  </ItemGroup>
</Project>