<?xml version="1.0" encoding="utf-8"?>
<Project ToolsVersion="4.0" xmlns="http://schemas.microsoft.com/developer/msbuild/2003">
  <ItemGroup>
    <Filter Include="lhdetail">
      <UniqueIdentifier>{057d77cc-4a47-4e90-8dc0-e9286108d10a}</UniqueIdentifier>
    </Filter>
    <Filter Include="lhdetail\lhvertex">
      <UniqueIdentifier>{5307e95c-ce78-439b-a028-6893872cc0a5}</UniqueIdentifier>
    </Filter>
    <Filter Include="lhdetail\lhmatrix">
      <UniqueIdentifier>{4cece7a3-5d95-484f-93a3-c208feccccd3}</UniqueIdentifier>
    </Filter>
    <Filter Include="lhdraw">
      <UniqueIdentifier>{52979bf4-7734-48c1-9404-f48a81f3c231}</UniqueIdentifier>
    </Filter>
  </ItemGroup>
  <ItemGroup>
    <ClInclude Include="lhdetail\lhvertex.h">
      <Filter>lhdetail</Filter>
    </ClInclude>
    <ClInclude Include="lhdetail\lhvertex\lhvertex.hpp">
      <Filter>lhdetail\lhvertex</Filter>
    </ClInclude>
    <ClInclude Include="lhdetail\lhvertex\lhvertex_binary.hpp">
      <Filter>lhdetail\lhvertex</Filter>
    </ClInclude>
    <ClInclude Include="lhdetail\lhvertex\lhvertex_specialization.hpp">
      <Filter>lhdetail\lhvertex</Filter>
    </ClInclude>
    <ClInclude Include="lhdetail\lhmatrix.h">
      <Filter>lhdetail</Filter>
    </ClInclude>
    <ClInclude Include="lhdetail\lhmatrix\lhmatrix.hpp">
      <Filter>lhdetail\lhmatrix</Filter>
    </ClInclude>
    <ClInclude Include="lhdetail\lhmatrix\lhmatrix_operator.hpp">
      <Filter>lhdetail\lhmatrix</Filter>
    </ClInclude>
    <ClInclude Include="lhdetail\lhmatrix_float4.h">
      <Filter>lhdetail</Filter>
    </ClInclude>
    <ClInclude Include="lhdetail\lhquaternion.h">
      <Filter>lhdetail</Filter>
    </ClInclude>
    <ClInclude Include="lhmath_common.h" />
    <ClInclude Include="lhdraw\lhdraw_primitive.h">
      <Filter>lhdraw</Filter>
    </ClInclude>
    <ClInclude Include="lhdraw\lhlights.h">
      <Filter>lhdraw</Filter>
    </ClInclude>
  </ItemGroup>
  <ItemGroup>
    <ClCompile Include="lhdetail\lhmatrix_float4.cpp">
      <Filter>lhdetail</Filter>
    </ClCompile>
    <ClCompile Include="lhdetail\lhquaternion.cpp">
      <Filter>lhdetail</Filter>
    </ClCompile>
    <ClCompile Include="lhdetail\lhvertex.cpp">
      <Filter>lhdetail</Filter>
    </ClCompile>
    <ClCompile Include="lhdraw\lhdraw_primitive.cpp">
      <Filter>lhdraw</Filter>
    </ClCompile>
    <ClCompile Include="lhdraw\lhlights.cpp">
      <Filter>lhdraw</Filter>
    </ClCompile>
  </ItemGroup>
  <ItemGroup>
    <None Include="lhdetail\lhvertex\lhvertex.inl">
      <Filter>lhdetail\lhvertex</Filter>
    </None>
    <None Include="lhdetail\lhmatrix\lhmatrix.inl">
      <Filter>lhdetail\lhmatrix</Filter>
    </None>
  </ItemGroup>
</Project>